
Microsoft Visual Studio Solution File, Format Version 12.00
# Visual Studio Version 17
VisualStudioVersion = 17.11.35312.102
MinimumVisualStudioVersion = 10.0.40219.1
Project("{FAE04EC0-301F-11D3-BF4B-00C04F79EFBC}") = "destradaS5A", "destradaS5A.csproj", "{B05DE56A-0163-45DD-917F-7742D09D6698}"
EndProject
Global
	GlobalSection(SolutionConfigurationPlatforms) = preSolution
		Debug|Any CPU = Debug|Any CPU
		Release|Any CPU = Release|Any CPU
	EndGlobalSection
	GlobalSection(ProjectConfigurationPlatforms) = postSolution
		{B05DE56A-0163-45DD-917F-7742D09D6698}.Debug|Any CPU.ActiveCfg = Debug|Any CPU
		{B05DE56A-0163-45DD-917F-7742D09D6698}.Debug|Any CPU.Build.0 = Debug|Any CPU
		{B05DE56A-0163-45DD-917F-7742D09D6698}.Debug|Any CPU.Deploy.0 = Debug|Any CPU
		{B05DE56A-0163-45DD-917F-7742D09D6698}.Release|Any CPU.ActiveCfg = Release|Any CPU
		{B05DE56A-0163-45DD-917F-7742D09D6698}.Release|Any CPU.Build.0 = Release|Any CPU
		{B05DE56A-0163-45DD-917F-7742D09D6698}.Release|Any CPU.Deploy.0 = Release|Any CPU
	EndGlobalSection
	GlobalSection(SolutionProperties) = preSolution
		HideSolutionNode = FALSE
	EndGlobalSection
	GlobalSection(ExtensibilityGlobals) = postSolution
		SolutionGuid = {19018480-72D2-44FD-B8DD-707FEBA7A053}
	EndGlobalSection
EndGlobal
